
Microsoft Visual Studio Solution File, Format Version 12.00
# Visual Studio Version 16
VisualStudioVersion = 16.0.28803.452
MinimumVisualStudioVersion = 10.0.40219.1
Project("{9A19103F-16F7-4668-BE54-9A1E7A4F7556}") = "FirstPersonView", "FirstPersonView\FirstPersonView.csproj", "{77D587C2-DE15-4653-8514-8A405389FC10}"
EndProject
Project("{9A19103F-16F7-4668-BE54-9A1E7A4F7556}") = "BalancedObliterate", "BalancedObliterate\BalancedObliterate.csproj", "{3BB03665-164A-460E-BABB-0B076EE99CC5}"
EndProject
Project("{9A19103F-16F7-4668-BE54-9A1E7A4F7556}") = "VoteSaving", "VoteSaving\VoteSaving.csproj", "{583DBA2E-74E0-49A6-9630-0BD522EA8913}"
EndProject
Project("{9A19103F-16F7-4668-BE54-9A1E7A4F7556}") = "TextPlus", "TextPlus\TextPlus.csproj", "{89AA2432-BF22-48D7-8BB2-68CFC567EC5E}"
EndProject
Project("{9A19103F-16F7-4668-BE54-9A1E7A4F7556}") = "BuffDisplayAPI", "BuffDisplayAPI\BuffDisplayAPI.csproj", "{F8F8281D-DDD2-4146-90D0-294159E604EA}"
EndProject
Project("{9A19103F-16F7-4668-BE54-9A1E7A4F7556}") = "BanditPlus", "BanditPlus\BanditPlus.csproj", "{8834499D-F315-4DBB-997C-2EDDFBC1335C}"
EndProject
Project("{9A19103F-16F7-4668-BE54-9A1E7A4F7556}") = "NoPickup", "NoPickup\NoPickup.csproj", "{6E073FD4-B3ED-4F0B-9586-A5B040723070}"
EndProject
Project("{9A19103F-16F7-4668-BE54-9A1E7A4F7556}") = "BuffPlus", "BuffPlus\BuffPlus.csproj", "{BF226551-9284-4863-8881-BF85AEB18E0A}"
EndProject
Global
	GlobalSection(SolutionConfigurationPlatforms) = preSolution
		Debug|Any CPU = Debug|Any CPU
		Release|Any CPU = Release|Any CPU
	EndGlobalSection
	GlobalSection(ProjectConfigurationPlatforms) = postSolution
		{77D587C2-DE15-4653-8514-8A405389FC10}.Debug|Any CPU.ActiveCfg = Debug|Any CPU
		{77D587C2-DE15-4653-8514-8A405389FC10}.Debug|Any CPU.Build.0 = Debug|Any CPU
		{77D587C2-DE15-4653-8514-8A405389FC10}.Release|Any CPU.ActiveCfg = Release|Any CPU
		{77D587C2-DE15-4653-8514-8A405389FC10}.Release|Any CPU.Build.0 = Release|Any CPU
		{3BB03665-164A-460E-BABB-0B076EE99CC5}.Debug|Any CPU.ActiveCfg = Debug|Any CPU
		{3BB03665-164A-460E-BABB-0B076EE99CC5}.Debug|Any CPU.Build.0 = Debug|Any CPU
		{3BB03665-164A-460E-BABB-0B076EE99CC5}.Release|Any CPU.ActiveCfg = Release|Any CPU
		{3BB03665-164A-460E-BABB-0B076EE99CC5}.Release|Any CPU.Build.0 = Release|Any CPU
		{583DBA2E-74E0-49A6-9630-0BD522EA8913}.Debug|Any CPU.ActiveCfg = Debug|Any CPU
		{583DBA2E-74E0-49A6-9630-0BD522EA8913}.Debug|Any CPU.Build.0 = Debug|Any CPU
		{583DBA2E-74E0-49A6-9630-0BD522EA8913}.Release|Any CPU.ActiveCfg = Release|Any CPU
		{583DBA2E-74E0-49A6-9630-0BD522EA8913}.Release|Any CPU.Build.0 = Release|Any CPU
		{89AA2432-BF22-48D7-8BB2-68CFC567EC5E}.Debug|Any CPU.ActiveCfg = Debug|Any CPU
		{89AA2432-BF22-48D7-8BB2-68CFC567EC5E}.Debug|Any CPU.Build.0 = Debug|Any CPU
		{89AA2432-BF22-48D7-8BB2-68CFC567EC5E}.Release|Any CPU.ActiveCfg = Release|Any CPU
		{89AA2432-BF22-48D7-8BB2-68CFC567EC5E}.Release|Any CPU.Build.0 = Release|Any CPU
		{F8F8281D-DDD2-4146-90D0-294159E604EA}.Debug|Any CPU.ActiveCfg = Debug|Any CPU
		{F8F8281D-DDD2-4146-90D0-294159E604EA}.Debug|Any CPU.Build.0 = Debug|Any CPU
		{F8F8281D-DDD2-4146-90D0-294159E604EA}.Release|Any CPU.ActiveCfg = Release|Any CPU
		{F8F8281D-DDD2-4146-90D0-294159E604EA}.Release|Any CPU.Build.0 = Release|Any CPU
		{8834499D-F315-4DBB-997C-2EDDFBC1335C}.Debug|Any CPU.ActiveCfg = Debug|Any CPU
		{8834499D-F315-4DBB-997C-2EDDFBC1335C}.Debug|Any CPU.Build.0 = Debug|Any CPU
		{8834499D-F315-4DBB-997C-2EDDFBC1335C}.Release|Any CPU.ActiveCfg = Release|Any CPU
		{8834499D-F315-4DBB-997C-2EDDFBC1335C}.Release|Any CPU.Build.0 = Release|Any CPU
		{6E073FD4-B3ED-4F0B-9586-A5B040723070}.Debug|Any CPU.ActiveCfg = Debug|Any CPU
		{6E073FD4-B3ED-4F0B-9586-A5B040723070}.Debug|Any CPU.Build.0 = Debug|Any CPU
		{6E073FD4-B3ED-4F0B-9586-A5B040723070}.Release|Any CPU.ActiveCfg = Release|Any CPU
		{6E073FD4-B3ED-4F0B-9586-A5B040723070}.Release|Any CPU.Build.0 = Release|Any CPU
		{BF226551-9284-4863-8881-BF85AEB18E0A}.Debug|Any CPU.ActiveCfg = Debug|Any CPU
		{BF226551-9284-4863-8881-BF85AEB18E0A}.Debug|Any CPU.Build.0 = Debug|Any CPU
		{BF226551-9284-4863-8881-BF85AEB18E0A}.Release|Any CPU.ActiveCfg = Release|Any CPU
		{BF226551-9284-4863-8881-BF85AEB18E0A}.Release|Any CPU.Build.0 = Release|Any CPU
	EndGlobalSection
	GlobalSection(SolutionProperties) = preSolution
		HideSolutionNode = FALSE
	EndGlobalSection
	GlobalSection(ExtensibilityGlobals) = postSolution
		SolutionGuid = {FED93AF8-E445-4E62-B708-336B584309CC}
	EndGlobalSection
EndGlobal
